
Microsoft Visual Studio Solution File, Format Version 12.00
# Visual Studio Version 16
VisualStudioVersion = 16.0.30611.23
MinimumVisualStudioVersion = 10.0.40219.1
Project("{FAE04EC0-301F-11D3-BF4B-00C04F79EFBC}") = "InventoryUpdater", "InventoryUpdater.csproj", "{1BDA7F8A-ADE5-4A17-8D29-2E9EEC4B8A0D}"
EndProject
Project("{FAE04EC0-301F-11D3-BF4B-00C04F79EFBC}") = "InventoryUpdaterTest", "..\InventoryUpdaterTest\InventoryUpdaterTest.csproj", "{946B026A-5177-4265-8527-643459A126A8}"
EndProject
Global
	GlobalSection(SolutionConfigurationPlatforms) = preSolution
		Debug|Any CPU = Debug|Any CPU
		Release|Any CPU = Release|Any CPU
	EndGlobalSection
	GlobalSection(ProjectConfigurationPlatforms) = postSolution
		{1BDA7F8A-ADE5-4A17-8D29-2E9EEC4B8A0D}.Debug|Any CPU.ActiveCfg = Debug|Any CPU
		{1BDA7F8A-ADE5-4A17-8D29-2E9EEC4B8A0D}.Debug|Any CPU.Build.0 = Debug|Any CPU
		{1BDA7F8A-ADE5-4A17-8D29-2E9EEC4B8A0D}.Release|Any CPU.ActiveCfg = Release|Any CPU
		{1BDA7F8A-ADE5-4A17-8D29-2E9EEC4B8A0D}.Release|Any CPU.Build.0 = Release|Any CPU
		{946B026A-5177-4265-8527-643459A126A8}.Debug|Any CPU.ActiveCfg = Debug|Any CPU
		{946B026A-5177-4265-8527-643459A126A8}.Debug|Any CPU.Build.0 = Debug|Any CPU
		{946B026A-5177-4265-8527-643459A126A8}.Release|Any CPU.ActiveCfg = Release|Any CPU
		{946B026A-5177-4265-8527-643459A126A8}.Release|Any CPU.Build.0 = Release|Any CPU
	EndGlobalSection
	GlobalSection(SolutionProperties) = preSolution
		HideSolutionNode = FALSE
	EndGlobalSection
	GlobalSection(ExtensibilityGlobals) = postSolution
		SolutionGuid = {D71D4D21-9909-4F8C-AC55-39470BEF83AD}
	EndGlobalSection
EndGlobal
